
Microsoft Visual Studio Solution File, Format Version 12.00
# Visual Studio Version 17
VisualStudioVersion = 17.6.33815.320
MinimumVisualStudioVersion = 10.0.40219.1
Project("{FAE04EC0-301F-11D3-BF4B-00C04F79EFBC}") = "buildapp", "buildapp\buildapp.csproj", "{9655D46F-5A3A-4459-BBF0-B4BC0338E2C1}"
EndProject
Global
	GlobalSection(SolutionConfigurationPlatforms) = preSolution
		Debug|Any CPU = Debug|Any CPU
		Release|Any CPU = Release|Any CPU
	EndGlobalSection
	GlobalSection(ProjectConfigurationPlatforms) = postSolution
		{9655D46F-5A3A-4459-BBF0-B4BC0338E2C1}.Debug|Any CPU.ActiveCfg = Debug|Any CPU
		{9655D46F-5A3A-4459-BBF0-B4BC0338E2C1}.Debug|Any CPU.Build.0 = Debug|Any CPU
		{9655D46F-5A3A-4459-BBF0-B4BC0338E2C1}.Release|Any CPU.ActiveCfg = Release|Any CPU
		{9655D46F-5A3A-4459-BBF0-B4BC0338E2C1}.Release|Any CPU.Build.0 = Release|Any CPU
	EndGlobalSection
	GlobalSection(SolutionProperties) = preSolution
		HideSolutionNode = FALSE
	EndGlobalSection
	GlobalSection(ExtensibilityGlobals) = postSolution
		SolutionGuid = {C6020844-B648-47DC-8B59-9EA84B4DAFCA}
	EndGlobalSection
EndGlobal
